
Microsoft Visual Studio Solution File, Format Version 12.00
# Visual Studio 15
VisualStudioVersion = 15.0.27130.2036
MinimumVisualStudioVersion = 10.0.40219.1
Project("{FAE04EC0-301F-11D3-BF4B-00C04F79EFBC}") = "eRestoran_API", "eRestoran_API\eRestoran_API.csproj", "{055AE3E5-DF8E-4C79-B284-D6F4C079D1C9}"
EndProject
Project("{FAE04EC0-301F-11D3-BF4B-00C04F79EFBC}") = "eRestoran_UI", "eRestoran_UI\eRestoran_UI.csproj", "{232428A1-3927-4E0F-81C9-D5D1660E7733}"
EndProject
Project("{FAE04EC0-301F-11D3-BF4B-00C04F79EFBC}") = "eRestoran_PCL", "eRestoran_PCL\eRestoran_PCL.csproj", "{30E454C6-4524-4AA2-9B00-CC8B32DA8BF6}"
EndProject
Project("{FAE04EC0-301F-11D3-BF4B-00C04F79EFBC}") = "eRestoran_Mobile.Android", "eRestoran_Mobile\eRestoran_Mobile.Android\eRestoran_Mobile.Android.csproj", "{DA6F8E36-B34B-4270-8242-60F76A6CBF80}"
EndProject
Project("{FAE04EC0-301F-11D3-BF4B-00C04F79EFBC}") = "eRestoran_Mobile.UWP", "eRestoran_Mobile\eRestoran_Mobile.UWP\eRestoran_Mobile.UWP.csproj", "{8A880D82-FF8E-438E-8439-1165E28122A9}"
EndProject
Project("{D954291E-2A0B-460D-934E-DC6B0785DB48}") = "eRestoran_Mobile", "eRestoran_Mobile\eRestoran_Mobile\eRestoran_Mobile.shproj", "{854741E7-3F2F-4E26-9948-892D1898AADF}"
EndProject
Global
	GlobalSection(SharedMSBuildProjectFiles) = preSolution
		eRestoran_Mobile\eRestoran_Mobile\eRestoran_Mobile.projitems*{854741e7-3f2f-4e26-9948-892d1898aadf}*SharedItemsImports = 13
		eRestoran_Mobile\eRestoran_Mobile\eRestoran_Mobile.projitems*{8a880d82-ff8e-438e-8439-1165e28122a9}*SharedItemsImports = 4
		eRestoran_Mobile\eRestoran_Mobile\eRestoran_Mobile.projitems*{da6f8e36-b34b-4270-8242-60f76a6cbf80}*SharedItemsImports = 4
	EndGlobalSection
	GlobalSection(SolutionConfigurationPlatforms) = preSolution
		Ad-Hoc|Any CPU = Ad-Hoc|Any CPU
		Ad-Hoc|ARM = Ad-Hoc|ARM
		Ad-Hoc|iPhone = Ad-Hoc|iPhone
		Ad-Hoc|iPhoneSimulator = Ad-Hoc|iPhoneSimulator
		Ad-Hoc|x64 = Ad-Hoc|x64
		Ad-Hoc|x86 = Ad-Hoc|x86
		AppStore|Any CPU = AppStore|Any CPU
		AppStore|ARM = AppStore|ARM
		AppStore|iPhone = AppStore|iPhone
		AppStore|iPhoneSimulator = AppStore|iPhoneSimulator
		AppStore|x64 = AppStore|x64
		AppStore|x86 = AppStore|x86
		Debug|Any CPU = Debug|Any CPU
		Debug|ARM = Debug|ARM
		Debug|iPhone = Debug|iPhone
		Debug|iPhoneSimulator = Debug|iPhoneSimulator
		Debug|x64 = Debug|x64
		Debug|x86 = Debug|x86
		Release|Any CPU = Release|Any CPU
		Release|ARM = Release|ARM
		Release|iPhone = Release|iPhone
		Release|iPhoneSimulator = Release|iPhoneSimulator
		Release|x64 = Release|x64
		Release|x86 = Release|x86
	EndGlobalSection
	GlobalSection(ProjectConfigurationPlatforms) = postSolution
		{055AE3E5-DF8E-4C79-B284-D6F4C079D1C9}.Ad-Hoc|Any CPU.ActiveCfg = Release|Any CPU
		{055AE3E5-DF8E-4C79-B284-D6F4C079D1C9}.Ad-Hoc|Any CPU.Build.0 = Release|Any CPU
		{055AE3E5-DF8E-4C79-B284-D6F4C079D1C9}.Ad-Hoc|ARM.ActiveCfg = Release|Any CPU
		{055AE3E5-DF8E-4C79-B284-D6F4C079D1C9}.Ad-Hoc|ARM.Build.0 = Release|Any CPU
		{055AE3E5-DF8E-4C79-B284-D6F4C079D1C9}.Ad-Hoc|iPhone.ActiveCfg = Release|Any CPU
		{055AE3E5-DF8E-4C79-B284-D6F4C079D1C9}.Ad-Hoc|iPhone.Build.0 = Release|Any CPU
		{055AE3E5-DF8E-4C79-B284-D6F4C079D1C9}.Ad-Hoc|iPhoneSimulator.ActiveCfg = Release|Any CPU
		{055AE3E5-DF8E-4C79-B284-D6F4C079D1C9}.Ad-Hoc|iPhoneSimulator.Build.0 = Release|Any CPU
		{055AE3E5-DF8E-4C79-B284-D6F4C079D1C9}.Ad-Hoc|x64.ActiveCfg = Release|Any CPU
		{055AE3E5-DF8E-4C79-B284-D6F4C079D1C9}.Ad-Hoc|x64.Build.0 = Release|Any CPU
		{055AE3E5-DF8E-4C79-B284-D6F4C079D1C9}.Ad-Hoc|x86.ActiveCfg = Release|Any CPU
		{055AE3E5-DF8E-4C79-B284-D6F4C079D1C9}.Ad-Hoc|x86.Build.0 = Release|Any CPU
		{055AE3E5-DF8E-4C79-B284-D6F4C079D1C9}.AppStore|Any CPU.ActiveCfg = Release|Any CPU
		{055AE3E5-DF8E-4C79-B284-D6F4C079D1C9}.AppStore|Any CPU.Build.0 = Release|Any CPU
		{055AE3E5-DF8E-4C79-B284-D6F4C079D1C9}.AppStore|ARM.ActiveCfg = Release|Any CPU
		{055AE3E5-DF8E-4C79-B284-D6F4C079D1C9}.AppStore|ARM.Build.0 = Release|Any CPU
		{055AE3E5-DF8E-4C79-B284-D6F4C079D1C9}.AppStore|iPhone.ActiveCfg = Release|Any CPU
		{055AE3E5-DF8E-4C79-B284-D6F4C079D1C9}.AppStore|iPhone.Build.0 = Release|Any CPU
		{055AE3E5-DF8E-4C79-B284-D6F4C079D1C9}.AppStore|iPhoneSimulator.ActiveCfg = Release|Any CPU
		{055AE3E5-DF8E-4C79-B284-D6F4C079D1C9}.AppStore|iPhoneSimulator.Build.0 = Release|Any CPU
		{055AE3E5-DF8E-4C79-B284-D6F4C079D1C9}.AppStore|x64.ActiveCfg = Release|Any CPU
		{055AE3E5-DF8E-4C79-B284-D6F4C079D1C9}.AppStore|x64.Build.0 = Release|Any CPU
		{055AE3E5-DF8E-4C79-B284-D6F4C079D1C9}.AppStore|x86.ActiveCfg = Release|Any CPU
		{055AE3E5-DF8E-4C79-B284-D6F4C079D1C9}.AppStore|x86.Build.0 = Release|Any CPU
		{055AE3E5-DF8E-4C79-B284-D6F4C079D1C9}.Debug|Any CPU.ActiveCfg = Debug|Any CPU
		{055AE3E5-DF8E-4C79-B284-D6F4C079D1C9}.Debug|Any CPU.Build.0 = Debug|Any CPU
		{055AE3E5-DF8E-4C79-B284-D6F4C079D1C9}.Debug|ARM.ActiveCfg = Debug|Any CPU
		{055AE3E5-DF8E-4C79-B284-D6F4C079D1C9}.Debug|ARM.Build.0 = Debug|Any CPU
		{055AE3E5-DF8E-4C79-B284-D6F4C079D1C9}.Debug|iPhone.ActiveCfg = Debug|Any CPU
		{055AE3E5-DF8E-4C79-B284-D6F4C079D1C9}.Debug|iPhone.Build.0 = Debug|Any CPU
		{055AE3E5-DF8E-4C79-B284-D6F4C079D1C9}.Debug|iPhoneSimulator.ActiveCfg = Debug|Any CPU
		{055AE3E5-DF8E-4C79-B284-D6F4C079D1C9}.Debug|iPhoneSimulator.Build.0 = Debug|Any CPU
		{055AE3E5-DF8E-4C79-B284-D6F4C079D1C9}.Debug|x64.ActiveCfg = Debug|Any CPU
		{055AE3E5-DF8E-4C79-B284-D6F4C079D1C9}.Debug|x64.Build.0 = Debug|Any CPU
		{055AE3E5-DF8E-4C79-B284-D6F4C079D1C9}.Debug|x86.ActiveCfg = Debug|Any CPU
		{055AE3E5-DF8E-4C79-B284-D6F4C079D1C9}.Debug|x86.Build.0 = Debug|Any CPU
		{055AE3E5-DF8E-4C79-B284-D6F4C079D1C9}.Release|Any CPU.ActiveCfg = Release|Any CPU
		{055AE3E5-DF8E-4C79-B284-D6F4C079D1C9}.Release|Any CPU.Build.0 = Release|Any CPU
		{055AE3E5-DF8E-4C79-B284-D6F4C079D1C9}.Release|ARM.ActiveCfg = Release|Any CPU
		{055AE3E5-DF8E-4C79-B284-D6F4C079D1C9}.Release|ARM.Build.0 = Release|Any CPU
		{055AE3E5-DF8E-4C79-B284-D6F4C079D1C9}.Release|iPhone.ActiveCfg = Release|Any CPU
		{055AE3E5-DF8E-4C79-B284-D6F4C079D1C9}.Release|iPhone.Build.0 = Release|Any CPU
		{055AE3E5-DF8E-4C79-B284-D6F4C079D1C9}.Release|iPhoneSimulator.ActiveCfg = Release|Any CPU
		{055AE3E5-DF8E-4C79-B284-D6F4C079D1C9}.Release|iPhoneSimulator.Build.0 = Release|Any CPU
		{055AE3E5-DF8E-4C79-B284-D6F4C079D1C9}.Release|x64.ActiveCfg = Release|Any CPU
		{055AE3E5-DF8E-4C79-B284-D6F4C079D1C9}.Release|x64.Build.0 = Release|Any CPU
		{055AE3E5-DF8E-4C79-B284-D6F4C079D1C9}.Release|x86.ActiveCfg = Release|Any CPU
		{055AE3E5-DF8E-4C79-B284-D6F4C079D1C9}.Release|x86.Build.0 = Release|Any CPU
		{232428A1-3927-4E0F-81C9-D5D1660E7733}.Ad-Hoc|Any CPU.ActiveCfg = Release|Any CPU
		{232428A1-3927-4E0F-81C9-D5D1660E7733}.Ad-Hoc|Any CPU.Build.0 = Release|Any CPU
		{232428A1-3927-4E0F-81C9-D5D1660E7733}.Ad-Hoc|ARM.ActiveCfg = Release|Any CPU
		{232428A1-3927-4E0F-81C9-D5D1660E7733}.Ad-Hoc|ARM.Build.0 = Release|Any CPU
		{232428A1-3927-4E0F-81C9-D5D1660E7733}.Ad-Hoc|iPhone.ActiveCfg = Release|Any CPU
		{232428A1-3927-4E0F-81C9-D5D1660E7733}.Ad-Hoc|iPhone.Build.0 = Release|Any CPU
		{232428A1-3927-4E0F-81C9-D5D1660E7733}.Ad-Hoc|iPhoneSimulator.ActiveCfg = Release|Any CPU
		{232428A1-3927-4E0F-81C9-D5D1660E7733}.Ad-Hoc|iPhoneSimulator.Build.0 = Release|Any CPU
		{232428A1-3927-4E0F-81C9-D5D1660E7733}.Ad-Hoc|x64.ActiveCfg = Release|Any CPU
		{232428A1-3927-4E0F-81C9-D5D1660E7733}.Ad-Hoc|x64.Build.0 = Release|Any CPU
		{232428A1-3927-4E0F-81C9-D5D1660E7733}.Ad-Hoc|x86.ActiveCfg = Release|Any CPU
		{232428A1-3927-4E0F-81C9-D5D1660E7733}.Ad-Hoc|x86.Build.0 = Release|Any CPU
		{232428A1-3927-4E0F-81C9-D5D1660E7733}.AppStore|Any CPU.ActiveCfg = Release|Any CPU
		{232428A1-3927-4E0F-81C9-D5D1660E7733}.AppStore|Any CPU.Build.0 = Release|Any CPU
		{232428A1-3927-4E0F-81C9-D5D1660E7733}.AppStore|ARM.ActiveCfg = Release|Any CPU
		{232428A1-3927-4E0F-81C9-D5D1660E7733}.AppStore|ARM.Build.0 = Release|Any CPU
		{232428A1-3927-4E0F-81C9-D5D1660E7733}.AppStore|iPhone.ActiveCfg = Release|Any CPU
		{232428A1-3927-4E0F-81C9-D5D1660E7733}.AppStore|iPhone.Build.0 = Release|Any CPU
		{232428A1-3927-4E0F-81C9-D5D1660E7733}.AppStore|iPhoneSimulator.ActiveCfg = Release|Any CPU
		{232428A1-3927-4E0F-81C9-D5D1660E7733}.AppStore|iPhoneSimulator.Build.0 = Release|Any CPU
		{232428A1-3927-4E0F-81C9-D5D1660E7733}.AppStore|x64.ActiveCfg = Release|Any CPU
		{232428A1-3927-4E0F-81C9-D5D1660E7733}.AppStore|x64.Build.0 = Release|Any CPU
		{232428A1-3927-4E0F-81C9-D5D1660E7733}.AppStore|x86.ActiveCfg = Release|Any CPU
		{232428A1-3927-4E0F-81C9-D5D1660E7733}.AppStore|x86.Build.0 = Release|Any CPU
		{232428A1-3927-4E0F-81C9-D5D1660E7733}.Debug|Any CPU.ActiveCfg = Debug|Any CPU
		{232428A1-3927-4E0F-81C9-D5D1660E7733}.Debug|Any CPU.Build.0 = Debug|Any CPU
		{232428A1-3927-4E0F-81C9-D5D1660E7733}.Debug|ARM.ActiveCfg = Debug|Any CPU
		{232428A1-3927-4E0F-81C9-D5D1660E7733}.Debug|ARM.Build.0 = Debug|Any CPU
		{232428A1-3927-4E0F-81C9-D5D1660E7733}.Debug|iPhone.ActiveCfg = Debug|Any CPU
		{232428A1-3927-4E0F-81C9-D5D1660E7733}.Debug|iPhone.Build.0 = Debug|Any CPU
		{232428A1-3927-4E0F-81C9-D5D1660E7733}.Debug|iPhoneSimulator.ActiveCfg = Debug|Any CPU
		{232428A1-3927-4E0F-81C9-D5D1660E7733}.Debug|iPhoneSimulator.Build.0 = Debug|Any CPU
		{232428A1-3927-4E0F-81C9-D5D1660E7733}.Debug|x64.ActiveCfg = Debug|Any CPU
		{232428A1-3927-4E0F-81C9-D5D1660E7733}.Debug|x64.Build.0 = Debug|Any CPU
		{232428A1-3927-4E0F-81C9-D5D1660E7733}.Debug|x86.ActiveCfg = Debug|Any CPU
		{232428A1-3927-4E0F-81C9-D5D1660E7733}.Debug|x86.Build.0 = Debug|Any CPU
		{232428A1-3927-4E0F-81C9-D5D1660E7733}.Release|Any CPU.ActiveCfg = Release|Any CPU
		{232428A1-3927-4E0F-81C9-D5D1660E7733}.Release|Any CPU.Build.0 = Release|Any CPU
		{232428A1-3927-4E0F-81C9-D5D1660E7733}.Release|ARM.ActiveCfg = Release|Any CPU
		{232428A1-3927-4E0F-81C9-D5D1660E7733}.Release|ARM.Build.0 = Release|Any CPU
		{232428A1-3927-4E0F-81C9-D5D1660E7733}.Release|iPhone.ActiveCfg = Release|Any CPU
		{232428A1-3927-4E0F-81C9-D5D1660E7733}.Release|iPhone.Build.0 = Release|Any CPU
		{232428A1-3927-4E0F-81C9-D5D1660E7733}.Release|iPhoneSimulator.ActiveCfg = Release|Any CPU
		{232428A1-3927-4E0F-81C9-D5D1660E7733}.Release|iPhoneSimulator.Build.0 = Release|Any CPU
		{232428A1-3927-4E0F-81C9-D5D1660E7733}.Release|x64.ActiveCfg = Release|Any CPU
		{232428A1-3927-4E0F-81C9-D5D1660E7733}.Release|x64.Build.0 = Release|Any CPU
		{232428A1-3927-4E0F-81C9-D5D1660E7733}.Release|x86.ActiveCfg = Release|Any CPU
		{232428A1-3927-4E0F-81C9-D5D1660E7733}.Release|x86.Build.0 = Release|Any CPU
		{30E454C6-4524-4AA2-9B00-CC8B32DA8BF6}.Ad-Hoc|Any CPU.ActiveCfg = Release|Any CPU
		{30E454C6-4524-4AA2-9B00-CC8B32DA8BF6}.Ad-Hoc|Any CPU.Build.0 = Release|Any CPU
		{30E454C6-4524-4AA2-9B00-CC8B32DA8BF6}.Ad-Hoc|ARM.ActiveCfg = Release|Any CPU
		{30E454C6-4524-4AA2-9B00-CC8B32DA8BF6}.Ad-Hoc|ARM.Build.0 = Release|Any CPU
		{30E454C6-4524-4AA2-9B00-CC8B32DA8BF6}.Ad-Hoc|iPhone.ActiveCfg = Release|Any CPU
		{30E454C6-4524-4AA2-9B00-CC8B32DA8BF6}.Ad-Hoc|iPhone.Build.0 = Release|Any CPU
		{30E454C6-4524-4AA2-9B00-CC8B32DA8BF6}.Ad-Hoc|iPhoneSimulator.ActiveCfg = Release|Any CPU
		{30E454C6-4524-4AA2-9B00-CC8B32DA8BF6}.Ad-Hoc|iPhoneSimulator.Build.0 = Release|Any CPU
		{30E454C6-4524-4AA2-9B00-CC8B32DA8BF6}.Ad-Hoc|x64.ActiveCfg = Release|Any CPU
		{30E454C6-4524-4AA2-9B00-CC8B32DA8BF6}.Ad-Hoc|x64.Build.0 = Release|Any CPU
		{30E454C6-4524-4AA2-9B00-CC8B32DA8BF6}.Ad-Hoc|x86.ActiveCfg = Release|Any CPU
		{30E454C6-4524-4AA2-9B00-CC8B32DA8BF6}.Ad-Hoc|x86.Build.0 = Release|Any CPU
		{30E454C6-4524-4AA2-9B00-CC8B32DA8BF6}.AppStore|Any CPU.ActiveCfg = Release|Any CPU
		{30E454C6-4524-4AA2-9B00-CC8B32DA8BF6}.AppStore|Any CPU.Build.0 = Release|Any CPU
		{30E454C6-4524-4AA2-9B00-CC8B32DA8BF6}.AppStore|ARM.ActiveCfg = Release|Any CPU
		{30E454C6-4524-4AA2-9B00-CC8B32DA8BF6}.AppStore|ARM.Build.0 = Release|Any CPU
		{30E454C6-4524-4AA2-9B00-CC8B32DA8BF6}.AppStore|iPhone.ActiveCfg = Release|Any CPU
		{30E454C6-4524-4AA2-9B00-CC8B32DA8BF6}.AppStore|iPhone.Build.0 = Release|Any CPU
		{30E454C6-4524-4AA2-9B00-CC8B32DA8BF6}.AppStore|iPhoneSimulator.ActiveCfg = Release|Any CPU
		{30E454C6-4524-4AA2-9B00-CC8B32DA8BF6}.AppStore|iPhoneSimulator.Build.0 = Release|Any CPU
		{30E454C6-4524-4AA2-9B00-CC8B32DA8BF6}.AppStore|x64.ActiveCfg = Release|Any CPU
		{30E454C6-4524-4AA2-9B00-CC8B32DA8BF6}.AppStore|x64.Build.0 = Release|Any CPU
		{30E454C6-4524-4AA2-9B00-CC8B32DA8BF6}.AppStore|x86.ActiveCfg = Release|Any CPU
		{30E454C6-4524-4AA2-9B00-CC8B32DA8BF6}.AppStore|x86.Build.0 = Release|Any CPU
		{30E454C6-4524-4AA2-9B00-CC8B32DA8BF6}.Debug|Any CPU.ActiveCfg = Debug|Any CPU
		{30E454C6-4524-4AA2-9B00-CC8B32DA8BF6}.Debug|Any CPU.Build.0 = Debug|Any CPU
		{30E454C6-4524-4AA2-9B00-CC8B32DA8BF6}.Debug|ARM.ActiveCfg = Debug|Any CPU
		{30E454C6-4524-4AA2-9B00-CC8B32DA8BF6}.Debug|ARM.Build.0 = Debug|Any CPU
		{30E454C6-4524-4AA2-9B00-CC8B32DA8BF6}.Debug|iPhone.ActiveCfg = Debug|Any CPU
		{30E454C6-4524-4AA2-9B00-CC8B32DA8BF6}.Debug|iPhone.Build.0 = Debug|Any CPU
		{30E454C6-4524-4AA2-9B00-CC8B32DA8BF6}.Debug|iPhoneSimulator.ActiveCfg = Debug|Any CPU
		{30E454C6-4524-4AA2-9B00-CC8B32DA8BF6}.Debug|iPhoneSimulator.Build.0 = Debug|Any CPU
		{30E454C6-4524-4AA2-9B00-CC8B32DA8BF6}.Debug|x64.ActiveCfg = Debug|Any CPU
		{30E454C6-4524-4AA2-9B00-CC8B32DA8BF6}.Debug|x64.Build.0 = Debug|Any CPU
		{30E454C6-4524-4AA2-9B00-CC8B32DA8BF6}.Debug|x86.ActiveCfg = Debug|Any CPU
		{30E454C6-4524-4AA2-9B00-CC8B32DA8BF6}.Debug|x86.Build.0 = Debug|Any CPU
		{30E454C6-4524-4AA2-9B00-CC8B32DA8BF6}.Release|Any CPU.ActiveCfg = Release|Any CPU
		{30E454C6-4524-4AA2-9B00-CC8B32DA8BF6}.Release|Any CPU.Build.0 = Release|Any CPU
		{30E454C6-4524-4AA2-9B00-CC8B32DA8BF6}.Release|ARM.ActiveCfg = Release|Any CPU
		{30E454C6-4524-4AA2-9B00-CC8B32DA8BF6}.Release|ARM.Build.0 = Release|Any CPU
		{30E454C6-4524-4AA2-9B00-CC8B32DA8BF6}.Release|iPhone.ActiveCfg = Release|Any CPU
		{30E454C6-4524-4AA2-9B00-CC8B32DA8BF6}.Release|iPhone.Build.0 = Release|Any CPU
		{30E454C6-4524-4AA2-9B00-CC8B32DA8BF6}.Release|iPhoneSimulator.ActiveCfg = Release|Any CPU
		{30E454C6-4524-4AA2-9B00-CC8B32DA8BF6}.Release|iPhoneSimulator.Build.0 = Release|Any CPU
		{30E454C6-4524-4AA2-9B00-CC8B32DA8BF6}.Release|x64.ActiveCfg = Release|Any CPU
		{30E454C6-4524-4AA2-9B00-CC8B32DA8BF6}.Release|x64.Build.0 = Release|Any CPU
		{30E454C6-4524-4AA2-9B00-CC8B32DA8BF6}.Release|x86.ActiveCfg = Release|Any CPU
		{30E454C6-4524-4AA2-9B00-CC8B32DA8BF6}.Release|x86.Build.0 = Release|Any CPU
		{DA6F8E36-B34B-4270-8242-60F76A6CBF80}.Ad-Hoc|Any CPU.ActiveCfg = Release|Any CPU
		{DA6F8E36-B34B-4270-8242-60F76A6CBF80}.Ad-Hoc|Any CPU.Build.0 = Release|Any CPU
		{DA6F8E36-B34B-4270-8242-60F76A6CBF80}.Ad-Hoc|Any CPU.Deploy.0 = Release|Any CPU
		{DA6F8E36-B34B-4270-8242-60F76A6CBF80}.Ad-Hoc|ARM.ActiveCfg = Release|Any CPU
		{DA6F8E36-B34B-4270-8242-60F76A6CBF80}.Ad-Hoc|ARM.Build.0 = Release|Any CPU
		{DA6F8E36-B34B-4270-8242-60F76A6CBF80}.Ad-Hoc|ARM.Deploy.0 = Release|Any CPU
		{DA6F8E36-B34B-4270-8242-60F76A6CBF80}.Ad-Hoc|iPhone.ActiveCfg = Release|Any CPU
		{DA6F8E36-B34B-4270-8242-60F76A6CBF80}.Ad-Hoc|iPhone.Build.0 = Release|Any CPU
		{DA6F8E36-B34B-4270-8242-60F76A6CBF80}.Ad-Hoc|iPhone.Deploy.0 = Release|Any CPU
		{DA6F8E36-B34B-4270-8242-60F76A6CBF80}.Ad-Hoc|iPhoneSimulator.ActiveCfg = Release|Any CPU
		{DA6F8E36-B34B-4270-8242-60F76A6CBF80}.Ad-Hoc|iPhoneSimulator.Build.0 = Release|Any CPU
		{DA6F8E36-B34B-4270-8242-60F76A6CBF80}.Ad-Hoc|iPhoneSimulator.Deploy.0 = Release|Any CPU
		{DA6F8E36-B34B-4270-8242-60F76A6CBF80}.Ad-Hoc|x64.ActiveCfg = Release|Any CPU
		{DA6F8E36-B34B-4270-8242-60F76A6CBF80}.Ad-Hoc|x64.Build.0 = Release|Any CPU
		{DA6F8E36-B34B-4270-8242-60F76A6CBF80}.Ad-Hoc|x64.Deploy.0 = Release|Any CPU
		{DA6F8E36-B34B-4270-8242-60F76A6CBF80}.Ad-Hoc|x86.ActiveCfg = Release|Any CPU
		{DA6F8E36-B34B-4270-8242-60F76A6CBF80}.Ad-Hoc|x86.Build.0 = Release|Any CPU
		{DA6F8E36-B34B-4270-8242-60F76A6CBF80}.Ad-Hoc|x86.Deploy.0 = Release|Any CPU
		{DA6F8E36-B34B-4270-8242-60F76A6CBF80}.AppStore|Any CPU.ActiveCfg = Release|Any CPU
		{DA6F8E36-B34B-4270-8242-60F76A6CBF80}.AppStore|Any CPU.Build.0 = Release|Any CPU
		{DA6F8E36-B34B-4270-8242-60F76A6CBF80}.AppStore|Any CPU.Deploy.0 = Release|Any CPU
		{DA6F8E36-B34B-4270-8242-60F76A6CBF80}.AppStore|ARM.ActiveCfg = Release|Any CPU
		{DA6F8E36-B34B-4270-8242-60F76A6CBF80}.AppStore|ARM.Build.0 = Release|Any CPU
		{DA6F8E36-B34B-4270-8242-60F76A6CBF80}.AppStore|ARM.Deploy.0 = Release|Any CPU
		{DA6F8E36-B34B-4270-8242-60F76A6CBF80}.AppStore|iPhone.ActiveCfg = Release|Any CPU
		{DA6F8E36-B34B-4270-8242-60F76A6CBF80}.AppStore|iPhone.Build.0 = Release|Any CPU
		{DA6F8E36-B34B-4270-8242-60F76A6CBF80}.AppStore|iPhone.Deploy.0 = Release|Any CPU
		{DA6F8E36-B34B-4270-8242-60F76A6CBF80}.AppStore|iPhoneSimulator.ActiveCfg = Release|Any CPU
		{DA6F8E36-B34B-4270-8242-60F76A6CBF80}.AppStore|iPhoneSimulator.Build.0 = Release|Any CPU
		{DA6F8E36-B34B-4270-8242-60F76A6CBF80}.AppStore|iPhoneSimulator.Deploy.0 = Release|Any CPU
		{DA6F8E36-B34B-4270-8242-60F76A6CBF80}.AppStore|x64.ActiveCfg = Release|Any CPU
		{DA6F8E36-B34B-4270-8242-60F76A6CBF80}.AppStore|x64.Build.0 = Release|Any CPU
		{DA6F8E36-B34B-4270-8242-60F76A6CBF80}.AppStore|x64.Deploy.0 = Release|Any CPU
		{DA6F8E36-B34B-4270-8242-60F76A6CBF80}.AppStore|x86.ActiveCfg = Release|Any CPU
		{DA6F8E36-B34B-4270-8242-60F76A6CBF80}.AppStore|x86.Build.0 = Release|Any CPU
		{DA6F8E36-B34B-4270-8242-60F76A6CBF80}.AppStore|x86.Deploy.0 = Release|Any CPU
		{DA6F8E36-B34B-4270-8242-60F76A6CBF80}.Debug|Any CPU.ActiveCfg = Debug|Any CPU
		{DA6F8E36-B34B-4270-8242-60F76A6CBF80}.Debug|Any CPU.Build.0 = Debug|Any CPU
		{DA6F8E36-B34B-4270-8242-60F76A6CBF80}.Debug|Any CPU.Deploy.0 = Debug|Any CPU
		{DA6F8E36-B34B-4270-8242-60F76A6CBF80}.Debug|ARM.ActiveCfg = Debug|Any CPU
		{DA6F8E36-B34B-4270-8242-60F76A6CBF80}.Debug|ARM.Build.0 = Debug|Any CPU
		{DA6F8E36-B34B-4270-8242-60F76A6CBF80}.Debug|ARM.Deploy.0 = Debug|Any CPU
		{DA6F8E36-B34B-4270-8242-60F76A6CBF80}.Debug|iPhone.ActiveCfg = Debug|Any CPU
		{DA6F8E36-B34B-4270-8242-60F76A6CBF80}.Debug|iPhone.Build.0 = Debug|Any CPU
		{DA6F8E36-B34B-4270-8242-60F76A6CBF80}.Debug|iPhone.Deploy.0 = Debug|Any CPU
		{DA6F8E36-B34B-4270-8242-60F76A6CBF80}.Debug|iPhoneSimulator.ActiveCfg = Debug|Any CPU
		{DA6F8E36-B34B-4270-8242-60F76A6CBF80}.Debug|iPhoneSimulator.Build.0 = Debug|Any CPU
		{DA6F8E36-B34B-4270-8242-60F76A6CBF80}.Debug|iPhoneSimulator.Deploy.0 = Debug|Any CPU
		{DA6F8E36-B34B-4270-8242-60F76A6CBF80}.Debug|x64.ActiveCfg = Debug|Any CPU
		{DA6F8E36-B34B-4270-8242-60F76A6CBF80}.Debug|x64.Build.0 = Debug|Any CPU
		{DA6F8E36-B34B-4270-8242-60F76A6CBF80}.Debug|x64.Deploy.0 = Debug|Any CPU
		{DA6F8E36-B34B-4270-8242-60F76A6CBF80}.Debug|x86.ActiveCfg = Debug|Any CPU
		{DA6F8E36-B34B-4270-8242-60F76A6CBF80}.Debug|x86.Build.0 = Debug|Any CPU
		{DA6F8E36-B34B-4270-8242-60F76A6CBF80}.Debug|x86.Deploy.0 = Debug|Any CPU
		{DA6F8E36-B34B-4270-8242-60F76A6CBF80}.Release|Any CPU.ActiveCfg = Release|Any CPU
		{DA6F8E36-B34B-4270-8242-60F76A6CBF80}.Release|Any CPU.Build.0 = Release|Any CPU
		{DA6F8E36-B34B-4270-8242-60F76A6CBF80}.Release|Any CPU.Deploy.0 = Release|Any CPU
		{DA6F8E36-B34B-4270-8242-60F76A6CBF80}.Release|ARM.ActiveCfg = Release|Any CPU
		{DA6F8E36-B34B-4270-8242-60F76A6CBF80}.Release|ARM.Build.0 = Release|Any CPU
		{DA6F8E36-B34B-4270-8242-60F76A6CBF80}.Release|ARM.Deploy.0 = Release|Any CPU
		{DA6F8E36-B34B-4270-8242-60F76A6CBF80}.Release|iPhone.ActiveCfg = Release|Any CPU
		{DA6F8E36-B34B-4270-8242-60F76A6CBF80}.Release|iPhone.Build.0 = Release|Any CPU
		{DA6F8E36-B34B-4270-8242-60F76A6CBF80}.Release|iPhone.Deploy.0 = Release|Any CPU
		{DA6F8E36-B34B-4270-8242-60F76A6CBF80}.Release|iPhoneSimulator.ActiveCfg = Release|Any CPU
		{DA6F8E36-B34B-4270-8242-60F76A6CBF80}.Release|iPhoneSimulator.Build.0 = Release|Any CPU
		{DA6F8E36-B34B-4270-8242-60F76A6CBF80}.Release|iPhoneSimulator.Deploy.0 = Release|Any CPU
		{DA6F8E36-B34B-4270-8242-60F76A6CBF80}.Release|x64.ActiveCfg = Release|Any CPU
		{DA6F8E36-B34B-4270-8242-60F76A6CBF80}.Release|x64.Build.0 = Release|Any CPU
		{DA6F8E36-B34B-4270-8242-60F76A6CBF80}.Release|x64.Deploy.0 = Release|Any CPU
		{DA6F8E36-B34B-4270-8242-60F76A6CBF80}.Release|x86.ActiveCfg = Release|Any CPU
		{DA6F8E36-B34B-4270-8242-60F76A6CBF80}.Release|x86.Build.0 = Release|Any CPU
		{DA6F8E36-B34B-4270-8242-60F76A6CBF80}.Release|x86.Deploy.0 = Release|Any CPU
		{8A880D82-FF8E-438E-8439-1165E28122A9}.Ad-Hoc|Any CPU.ActiveCfg = Release|x86
		{8A880D82-FF8E-438E-8439-1165E28122A9}.Ad-Hoc|Any CPU.Build.0 = Release|x86
		{8A880D82-FF8E-438E-8439-1165E28122A9}.Ad-Hoc|Any CPU.Deploy.0 = Release|x86
		{8A880D82-FF8E-438E-8439-1165E28122A9}.Ad-Hoc|ARM.ActiveCfg = Release|ARM
		{8A880D82-FF8E-438E-8439-1165E28122A9}.Ad-Hoc|ARM.Build.0 = Release|ARM
		{8A880D82-FF8E-438E-8439-1165E28122A9}.Ad-Hoc|ARM.Deploy.0 = Release|ARM
		{8A880D82-FF8E-438E-8439-1165E28122A9}.Ad-Hoc|iPhone.ActiveCfg = Release|x86
		{8A880D82-FF8E-438E-8439-1165E28122A9}.Ad-Hoc|iPhone.Build.0 = Release|x86
		{8A880D82-FF8E-438E-8439-1165E28122A9}.Ad-Hoc|iPhone.Deploy.0 = Release|x86
		{8A880D82-FF8E-438E-8439-1165E28122A9}.Ad-Hoc|iPhoneSimulator.ActiveCfg = Release|x86
		{8A880D82-FF8E-438E-8439-1165E28122A9}.Ad-Hoc|iPhoneSimulator.Build.0 = Release|x86
		{8A880D82-FF8E-438E-8439-1165E28122A9}.Ad-Hoc|iPhoneSimulator.Deploy.0 = Release|x86
		{8A880D82-FF8E-438E-8439-1165E28122A9}.Ad-Hoc|x64.ActiveCfg = Release|x64
		{8A880D82-FF8E-438E-8439-1165E28122A9}.Ad-Hoc|x64.Build.0 = Release|x64
		{8A880D82-FF8E-438E-8439-1165E28122A9}.Ad-Hoc|x64.Deploy.0 = Release|x64
		{8A880D82-FF8E-438E-8439-1165E28122A9}.Ad-Hoc|x86.ActiveCfg = Release|x86
		{8A880D82-FF8E-438E-8439-1165E28122A9}.Ad-Hoc|x86.Build.0 = Release|x86
		{8A880D82-FF8E-438E-8439-1165E28122A9}.Ad-Hoc|x86.Deploy.0 = Release|x86
		{8A880D82-FF8E-438E-8439-1165E28122A9}.AppStore|Any CPU.ActiveCfg = Release|x86
		{8A880D82-FF8E-438E-8439-1165E28122A9}.AppStore|Any CPU.Build.0 = Release|x86
		{8A880D82-FF8E-438E-8439-1165E28122A9}.AppStore|Any CPU.Deploy.0 = Release|x86
		{8A880D82-FF8E-438E-8439-1165E28122A9}.AppStore|ARM.ActiveCfg = Release|ARM
		{8A880D82-FF8E-438E-8439-1165E28122A9}.AppStore|ARM.Build.0 = Release|ARM
		{8A880D82-FF8E-438E-8439-1165E28122A9}.AppStore|ARM.Deploy.0 = Release|ARM
		{8A880D82-FF8E-438E-8439-1165E28122A9}.AppStore|iPhone.ActiveCfg = Release|x86
		{8A880D82-FF8E-438E-8439-1165E28122A9}.AppStore|iPhone.Build.0 = Release|x86
		{8A880D82-FF8E-438E-8439-1165E28122A9}.AppStore|iPhone.Deploy.0 = Release|x86
		{8A880D82-FF8E-438E-8439-1165E28122A9}.AppStore|iPhoneSimulator.ActiveCfg = Release|x86
		{8A880D82-FF8E-438E-8439-1165E28122A9}.AppStore|iPhoneSimulator.Build.0 = Release|x86
		{8A880D82-FF8E-438E-8439-1165E28122A9}.AppStore|iPhoneSimulator.Deploy.0 = Release|x86
		{8A880D82-FF8E-438E-8439-1165E28122A9}.AppStore|x64.ActiveCfg = Release|x64
		{8A880D82-FF8E-438E-8439-1165E28122A9}.AppStore|x64.Build.0 = Release|x64
		{8A880D82-FF8E-438E-8439-1165E28122A9}.AppStore|x64.Deploy.0 = Release|x64
		{8A880D82-FF8E-438E-8439-1165E28122A9}.AppStore|x86.ActiveCfg = Release|x86
		{8A880D82-FF8E-438E-8439-1165E28122A9}.AppStore|x86.Build.0 = Release|x86
		{8A880D82-FF8E-438E-8439-1165E28122A9}.AppStore|x86.Deploy.0 = Release|x86
		{8A880D82-FF8E-438E-8439-1165E28122A9}.Debug|Any CPU.ActiveCfg = Debug|x86
		{8A880D82-FF8E-438E-8439-1165E28122A9}.Debug|ARM.ActiveCfg = Debug|ARM
		{8A880D82-FF8E-438E-8439-1165E28122A9}.Debug|ARM.Build.0 = Debug|ARM
		{8A880D82-FF8E-438E-8439-1165E28122A9}.Debug|ARM.Deploy.0 = Debug|ARM
		{8A880D82-FF8E-438E-8439-1165E28122A9}.Debug|iPhone.ActiveCfg = Debug|x86
		{8A880D82-FF8E-438E-8439-1165E28122A9}.Debug|iPhoneSimulator.ActiveCfg = Debug|x86
		{8A880D82-FF8E-438E-8439-1165E28122A9}.Debug|x64.ActiveCfg = Debug|x64
		{8A880D82-FF8E-438E-8439-1165E28122A9}.Debug|x64.Build.0 = Debug|x64
		{8A880D82-FF8E-438E-8439-1165E28122A9}.Debug|x64.Deploy.0 = Debug|x64
		{8A880D82-FF8E-438E-8439-1165E28122A9}.Debug|x86.ActiveCfg = Debug|x86
		{8A880D82-FF8E-438E-8439-1165E28122A9}.Debug|x86.Build.0 = Debug|x86
		{8A880D82-FF8E-438E-8439-1165E28122A9}.Debug|x86.Deploy.0 = Debug|x86
		{8A880D82-FF8E-438E-8439-1165E28122A9}.Release|Any CPU.ActiveCfg = Release|x86
		{8A880D82-FF8E-438E-8439-1165E28122A9}.Release|Any CPU.Build.0 = Release|x86
		{8A880D82-FF8E-438E-8439-1165E28122A9}.Release|Any CPU.Deploy.0 = Release|x86
		{8A880D82-FF8E-438E-8439-1165E28122A9}.Release|ARM.ActiveCfg = Release|ARM
		{8A880D82-FF8E-438E-8439-1165E28122A9}.Release|ARM.Build.0 = Release|ARM
		{8A880D82-FF8E-438E-8439-1165E28122A9}.Release|ARM.Deploy.0 = Release|ARM
		{8A880D82-FF8E-438E-8439-1165E28122A9}.Release|iPhone.ActiveCfg = Release|x86
		{8A880D82-FF8E-438E-8439-1165E28122A9}.Release|iPhoneSimulator.ActiveCfg = Release|x86
		{8A880D82-FF8E-438E-8439-1165E28122A9}.Release|x64.ActiveCfg = Release|x64
		{8A880D82-FF8E-438E-8439-1165E28122A9}.Release|x64.Build.0 = Release|x64
		{8A880D82-FF8E-438E-8439-1165E28122A9}.Release|x64.Deploy.0 = Release|x64
		{8A880D82-FF8E-438E-8439-1165E28122A9}.Release|x86.ActiveCfg = Release|x86
		{8A880D82-FF8E-438E-8439-1165E28122A9}.Release|x86.Build.0 = Release|x86
		{8A880D82-FF8E-438E-8439-1165E28122A9}.Release|x86.Deploy.0 = Release|x86
	EndGlobalSection
	GlobalSection(SolutionProperties) = preSolution
		HideSolutionNode = FALSE
	EndGlobalSection
	GlobalSection(ExtensibilityGlobals) = postSolution
		SolutionGuid = {368DEC55-7D9E-4A99-87D1-49E8A80BB41A}
	EndGlobalSection
EndGlobal
